
Microsoft Visual Studio Solution File, Format Version 12.00
# Visual Studio 2012
Project("{FAE04EC0-301F-11D3-BF4B-00C04F79EFBC}") = "Peer2Peer", "Peer2Peer\Peer2Peer.csproj", "{D0443DBD-3A7F-465D-8245-69CE1D94CA37}"
EndProject
Global
	GlobalSection(SolutionConfigurationPlatforms) = preSolution
		Debug|Any CPU = Debug|Any CPU
		Release|Any CPU = Release|Any CPU
	EndGlobalSection
	GlobalSection(ProjectConfigurationPlatforms) = postSolution
		{D0443DBD-3A7F-465D-8245-69CE1D94CA37}.Debug|Any CPU.ActiveCfg = Debug|Any CPU
		{D0443DBD-3A7F-465D-8245-69CE1D94CA37}.Debug|Any CPU.Build.0 = Debug|Any CPU
		{D0443DBD-3A7F-465D-8245-69CE1D94CA37}.Release|Any CPU.ActiveCfg = Release|Any CPU
		{D0443DBD-3A7F-465D-8245-69CE1D94CA37}.Release|Any CPU.Build.0 = Release|Any CPU
	EndGlobalSection
	GlobalSection(SolutionProperties) = preSolution
		HideSolutionNode = FALSE
	EndGlobalSection
	GlobalSection(ExtensibilityGlobals) = postSolution
		VSCustomBkgrdPaint = True
		VSUseSystemFonts = False
		VSSkinToggleButtons = True
		VSSkinFlatStyles = True
		VSTextShadow = True
		VSToolStripStyle = Mixed
		VSTargetControls = FormsAndControls
		VSStyle = Windows Metro (Blue).vssf
	EndGlobalSection
EndGlobal
